
Microsoft Visual Studio Solution File, Format Version 11.00
# Visual Studio 2010
Project("{8BC9CEB8-8B4A-11D0-8D11-00A0C91BC942}") = "AMD", "AMD\AMD.vcxproj", "{B5C03CBB-093A-48A7-A86E-769B637AC901}"
EndProject
Project("{8BC9CEB8-8B4A-11D0-8D11-00A0C91BC942}") = "AMD_demo", "AMD_demo\AMD_demo.vcxproj", "{DA7443ED-8897-4452-81FC-581460970E55}"
	ProjectSection(ProjectDependencies) = postProject
		{B5C03CBB-093A-48A7-A86E-769B637AC901} = {B5C03CBB-093A-48A7-A86E-769B637AC901}
	EndProjectSection
EndProject
Project("{8BC9CEB8-8B4A-11D0-8D11-00A0C91BC942}") = "COLAMD", "COLAMD\COLAMD.vcxproj", "{D460EEEB-30CE-4AF6-B3FA-AF2E08ADEF91}"
EndProject
Project("{8BC9CEB8-8B4A-11D0-8D11-00A0C91BC942}") = "COLAMD_example", "COLAMD_example\COLAMD_example.vcxproj", "{E763434D-DAD6-4F18-959D-4777A6746514}"
	ProjectSection(ProjectDependencies) = postProject
		{D460EEEB-30CE-4AF6-B3FA-AF2E08ADEF91} = {D460EEEB-30CE-4AF6-B3FA-AF2E08ADEF91}
	EndProjectSection
EndProject
Project("{8BC9CEB8-8B4A-11D0-8D11-00A0C91BC942}") = "CCOLAMD", "CCOLAMD\CCOLAMD.vcxproj", "{83E3E75E-E454-4C32-83B2-70BD1EEB9B66}"
EndProject
Project("{8BC9CEB8-8B4A-11D0-8D11-00A0C91BC942}") = "CCOLAMD_example", "CCOLAMD_example\CCOLAMD_example.vcxproj", "{DCD8B342-8E7F-4D54-A1C5-9A1C372997A7}"
	ProjectSection(ProjectDependencies) = postProject
		{83E3E75E-E454-4C32-83B2-70BD1EEB9B66} = {83E3E75E-E454-4C32-83B2-70BD1EEB9B66}
	EndProjectSection
EndProject
Project("{8BC9CEB8-8B4A-11D0-8D11-00A0C91BC942}") = "CAMD", "CAMD\CAMD.vcxproj", "{460A0858-31E2-4502-959E-A0ECB3A6CAB7}"
EndProject
Project("{8BC9CEB8-8B4A-11D0-8D11-00A0C91BC942}") = "CHOLMOD_demo", "CHOLMOD_demo\CHOLMOD_demo.vcxproj", "{E601CC6C-5010-4705-ABE2-B5C03F65F7FC}"
	ProjectSection(ProjectDependencies) = postProject
		{2E94232F-0B65-41FA-B953-EF847C821190} = {2E94232F-0B65-41FA-B953-EF847C821190}
	EndProjectSection
EndProject
Project("{8BC9CEB8-8B4A-11D0-8D11-00A0C91BC942}") = "SuiteSparse_config", "SuiteSparse_config\SuiteSparse_config.vcxproj", "{8FFC3D00-6165-4507-83C6-93476F49A1D1}"
EndProject
Project("{8BC9CEB8-8B4A-11D0-8D11-00A0C91BC942}") = "CHOLMOD", "CHOLMOD_shared\CHOLMOD_shared.vcxproj", "{2E94232F-0B65-41FA-B953-EF847C821190}"
	ProjectSection(ProjectDependencies) = postProject
		{8FFC3D00-6165-4507-83C6-93476F49A1D1} = {8FFC3D00-6165-4507-83C6-93476F49A1D1}
		{460A0858-31E2-4502-959E-A0ECB3A6CAB7} = {460A0858-31E2-4502-959E-A0ECB3A6CAB7}
		{83E3E75E-E454-4C32-83B2-70BD1EEB9B66} = {83E3E75E-E454-4C32-83B2-70BD1EEB9B66}
		{B5C03CBB-093A-48A7-A86E-769B637AC901} = {B5C03CBB-093A-48A7-A86E-769B637AC901}
		{D460EEEB-30CE-4AF6-B3FA-AF2E08ADEF91} = {D460EEEB-30CE-4AF6-B3FA-AF2E08ADEF91}
	EndProjectSection
EndProject
Project("{8BC9CEB8-8B4A-11D0-8D11-00A0C91BC942}") = "CHOLMOD_simple", "CHOLMOD_simple\CHOLMOD_simple.vcxproj", "{D9143E73-2DF7-4518-9147-3B93F2297C2D}"
	ProjectSection(ProjectDependencies) = postProject
		{2E94232F-0B65-41FA-B953-EF847C821190} = {2E94232F-0B65-41FA-B953-EF847C821190}
	EndProjectSection
EndProject
Global
	GlobalSection(SolutionConfigurationPlatforms) = preSolution
		Debug|Win32 = Debug|Win32
		Debug|x64 = Debug|x64
		Release|Win32 = Release|Win32
		Release|x64 = Release|x64
	EndGlobalSection
	GlobalSection(ProjectConfigurationPlatforms) = postSolution
		{B5C03CBB-093A-48A7-A86E-769B637AC901}.Debug|Win32.ActiveCfg = Debug|Win32
		{B5C03CBB-093A-48A7-A86E-769B637AC901}.Debug|Win32.Build.0 = Debug|Win32
		{B5C03CBB-093A-48A7-A86E-769B637AC901}.Debug|x64.ActiveCfg = Debug|x64
		{B5C03CBB-093A-48A7-A86E-769B637AC901}.Debug|x64.Build.0 = Debug|x64
		{B5C03CBB-093A-48A7-A86E-769B637AC901}.Release|Win32.ActiveCfg = Release|Win32
		{B5C03CBB-093A-48A7-A86E-769B637AC901}.Release|Win32.Build.0 = Release|Win32
		{B5C03CBB-093A-48A7-A86E-769B637AC901}.Release|x64.ActiveCfg = Release|x64
		{B5C03CBB-093A-48A7-A86E-769B637AC901}.Release|x64.Build.0 = Release|x64
		{DA7443ED-8897-4452-81FC-581460970E55}.Debug|Win32.ActiveCfg = Debug|Win32
		{DA7443ED-8897-4452-81FC-581460970E55}.Debug|Win32.Build.0 = Debug|Win32
		{DA7443ED-8897-4452-81FC-581460970E55}.Debug|x64.ActiveCfg = Debug|Win32
		{DA7443ED-8897-4452-81FC-581460970E55}.Release|Win32.ActiveCfg = Release|Win32
		{DA7443ED-8897-4452-81FC-581460970E55}.Release|Win32.Build.0 = Release|Win32
		{DA7443ED-8897-4452-81FC-581460970E55}.Release|x64.ActiveCfg = Release|x64
		{DA7443ED-8897-4452-81FC-581460970E55}.Release|x64.Build.0 = Release|x64
		{D460EEEB-30CE-4AF6-B3FA-AF2E08ADEF91}.Debug|Win32.ActiveCfg = Debug|Win32
		{D460EEEB-30CE-4AF6-B3FA-AF2E08ADEF91}.Debug|Win32.Build.0 = Debug|Win32
		{D460EEEB-30CE-4AF6-B3FA-AF2E08ADEF91}.Debug|x64.ActiveCfg = Debug|Win32
		{D460EEEB-30CE-4AF6-B3FA-AF2E08ADEF91}.Release|Win32.ActiveCfg = Release|Win32
		{D460EEEB-30CE-4AF6-B3FA-AF2E08ADEF91}.Release|Win32.Build.0 = Release|Win32
		{D460EEEB-30CE-4AF6-B3FA-AF2E08ADEF91}.Release|x64.ActiveCfg = Release|x64
		{D460EEEB-30CE-4AF6-B3FA-AF2E08ADEF91}.Release|x64.Build.0 = Release|x64
		{E763434D-DAD6-4F18-959D-4777A6746514}.Debug|Win32.ActiveCfg = Debug|Win32
		{E763434D-DAD6-4F18-959D-4777A6746514}.Debug|Win32.Build.0 = Debug|Win32
		{E763434D-DAD6-4F18-959D-4777A6746514}.Debug|x64.ActiveCfg = Debug|Win32
		{E763434D-DAD6-4F18-959D-4777A6746514}.Release|Win32.ActiveCfg = Release|Win32
		{E763434D-DAD6-4F18-959D-4777A6746514}.Release|Win32.Build.0 = Release|Win32
		{E763434D-DAD6-4F18-959D-4777A6746514}.Release|x64.ActiveCfg = Release|x64
		{E763434D-DAD6-4F18-959D-4777A6746514}.Release|x64.Build.0 = Release|x64
		{83E3E75E-E454-4C32-83B2-70BD1EEB9B66}.Debug|Win32.ActiveCfg = Debug|Win32
		{83E3E75E-E454-4C32-83B2-70BD1EEB9B66}.Debug|Win32.Build.0 = Debug|Win32
		{83E3E75E-E454-4C32-83B2-70BD1EEB9B66}.Debug|x64.ActiveCfg = Debug|Win32
		{83E3E75E-E454-4C32-83B2-70BD1EEB9B66}.Release|Win32.ActiveCfg = Release|Win32
		{83E3E75E-E454-4C32-83B2-70BD1EEB9B66}.Release|Win32.Build.0 = Release|Win32
		{83E3E75E-E454-4C32-83B2-70BD1EEB9B66}.Release|x64.ActiveCfg = Release|x64
		{83E3E75E-E454-4C32-83B2-70BD1EEB9B66}.Release|x64.Build.0 = Release|x64
		{DCD8B342-8E7F-4D54-A1C5-9A1C372997A7}.Debug|Win32.ActiveCfg = Debug|Win32
		{DCD8B342-8E7F-4D54-A1C5-9A1C372997A7}.Debug|Win32.Build.0 = Debug|Win32
		{DCD8B342-8E7F-4D54-A1C5-9A1C372997A7}.Debug|x64.ActiveCfg = Debug|Win32
		{DCD8B342-8E7F-4D54-A1C5-9A1C372997A7}.Release|Win32.ActiveCfg = Release|Win32
		{DCD8B342-8E7F-4D54-A1C5-9A1C372997A7}.Release|Win32.Build.0 = Release|Win32
		{DCD8B342-8E7F-4D54-A1C5-9A1C372997A7}.Release|x64.ActiveCfg = Release|x64
		{DCD8B342-8E7F-4D54-A1C5-9A1C372997A7}.Release|x64.Build.0 = Release|x64
		{460A0858-31E2-4502-959E-A0ECB3A6CAB7}.Debug|Win32.ActiveCfg = Debug|Win32
		{460A0858-31E2-4502-959E-A0ECB3A6CAB7}.Debug|Win32.Build.0 = Debug|Win32
		{460A0858-31E2-4502-959E-A0ECB3A6CAB7}.Debug|x64.ActiveCfg = Debug|Win32
		{460A0858-31E2-4502-959E-A0ECB3A6CAB7}.Release|Win32.ActiveCfg = Release|Win32
		{460A0858-31E2-4502-959E-A0ECB3A6CAB7}.Release|Win32.Build.0 = Release|Win32
		{460A0858-31E2-4502-959E-A0ECB3A6CAB7}.Release|x64.ActiveCfg = Release|x64
		{460A0858-31E2-4502-959E-A0ECB3A6CAB7}.Release|x64.Build.0 = Release|x64
		{E601CC6C-5010-4705-ABE2-B5C03F65F7FC}.Debug|Win32.ActiveCfg = Debug|Win32
		{E601CC6C-5010-4705-ABE2-B5C03F65F7FC}.Debug|Win32.Build.0 = Debug|Win32
		{E601CC6C-5010-4705-ABE2-B5C03F65F7FC}.Debug|x64.ActiveCfg = Debug|Win32
		{E601CC6C-5010-4705-ABE2-B5C03F65F7FC}.Release|Win32.ActiveCfg = Release|Win32
		{E601CC6C-5010-4705-ABE2-B5C03F65F7FC}.Release|Win32.Build.0 = Release|Win32
		{E601CC6C-5010-4705-ABE2-B5C03F65F7FC}.Release|x64.ActiveCfg = Release|x64
		{E601CC6C-5010-4705-ABE2-B5C03F65F7FC}.Release|x64.Build.0 = Release|x64
		{8FFC3D00-6165-4507-83C6-93476F49A1D1}.Debug|Win32.ActiveCfg = Debug|Win32
		{8FFC3D00-6165-4507-83C6-93476F49A1D1}.Debug|Win32.Build.0 = Debug|Win32
		{8FFC3D00-6165-4507-83C6-93476F49A1D1}.Debug|x64.ActiveCfg = Debug|Win32
		{8FFC3D00-6165-4507-83C6-93476F49A1D1}.Release|Win32.ActiveCfg = Release|Win32
		{8FFC3D00-6165-4507-83C6-93476F49A1D1}.Release|Win32.Build.0 = Release|Win32
		{8FFC3D00-6165-4507-83C6-93476F49A1D1}.Release|x64.ActiveCfg = Release|x64
		{8FFC3D00-6165-4507-83C6-93476F49A1D1}.Release|x64.Build.0 = Release|x64
		{2E94232F-0B65-41FA-B953-EF847C821190}.Debug|Win32.ActiveCfg = Debug|Win32
		{2E94232F-0B65-41FA-B953-EF847C821190}.Debug|Win32.Build.0 = Debug|Win32
		{2E94232F-0B65-41FA-B953-EF847C821190}.Debug|x64.ActiveCfg = Debug|Win32
		{2E94232F-0B65-41FA-B953-EF847C821190}.Release|Win32.ActiveCfg = Release|Win32
		{2E94232F-0B65-41FA-B953-EF847C821190}.Release|Win32.Build.0 = Release|Win32
		{2E94232F-0B65-41FA-B953-EF847C821190}.Release|x64.ActiveCfg = Release|x64
		{D9143E73-2DF7-4518-9147-3B93F2297C2D}.Debug|Win32.ActiveCfg = Debug|Win32
		{D9143E73-2DF7-4518-9147-3B93F2297C2D}.Debug|Win32.Build.0 = Debug|Win32
		{D9143E73-2DF7-4518-9147-3B93F2297C2D}.Debug|x64.ActiveCfg = Debug|Win32
		{D9143E73-2DF7-4518-9147-3B93F2297C2D}.Release|Win32.ActiveCfg = Release|Win32
		{D9143E73-2DF7-4518-9147-3B93F2297C2D}.Release|Win32.Build.0 = Release|Win32
		{D9143E73-2DF7-4518-9147-3B93F2297C2D}.Release|x64.ActiveCfg = Release|x64
	EndGlobalSection
	GlobalSection(SolutionProperties) = preSolution
		HideSolutionNode = FALSE
	EndGlobalSection
EndGlobal
