<?xml version="1.0" encoding="utf-8"?>
<Project ToolsVersion="4.0" xmlns="http://schemas.microsoft.com/developer/msbuild/2003">
  <ItemGroup>
    <Filter Include="Source Files">
      <UniqueIdentifier>{4FC737F1-C7A5-4376-A066-2A32D752A2FF}</UniqueIdentifier>
      <Extensions>cpp;c;cc;cxx;def;odl;idl;hpj;bat;asm;asmx</Extensions>
    </Filter>
    <Filter Include="Header Files">
      <UniqueIdentifier>{235af7ac-3c6c-40b8-b6d4-052e6196929a}</UniqueIdentifier>
    </Filter>
  </ItemGroup>
  <ItemGroup>
    <ClInclude Include="..\..\CHOLMOD\Include\cholmod.h">
      <Filter>Header Files</Filter>
    </ClInclude>
    <ClInclude Include="..\..\CHOLMOD\Include\cholmod_blas.h">
      <Filter>Header Files</Filter>
    </ClInclude>
    <ClInclude Include="..\..\CHOLMOD\Include\cholmod_check.h">
      <Filter>Header Files</Filter>
    </ClInclude>
    <ClInclude Include="..\..\CHOLMOD\Include\cholmod_cholesky.h">
      <Filter>Header Files</Filter>
    </ClInclude>
    <ClInclude Include="..\..\CHOLMOD\Include\cholmod_complexity.h">
      <Filter>Header Files</Filter>
    </ClInclude>
    <ClInclude Include="..\..\CHOLMOD\Include\cholmod_config.h">
      <Filter>Header Files</Filter>
    </ClInclude>
    <ClInclude Include="..\..\CHOLMOD\Include\cholmod_core.h">
      <Filter>Header Files</Filter>
    </ClInclude>
    <ClInclude Include="..\..\CHOLMOD\Include\cholmod_internal.h">
      <Filter>Header Files</Filter>
    </ClInclude>
    <ClInclude Include="..\..\CHOLMOD\Include\cholmod_io64.h">
      <Filter>Header Files</Filter>
    </ClInclude>
    <ClInclude Include="..\..\CHOLMOD\Include\cholmod_matrixops.h">
      <Filter>Header Files</Filter>
    </ClInclude>
    <ClInclude Include="..\..\CHOLMOD\Include\cholmod_modify.h">
      <Filter>Header Files</Filter>
    </ClInclude>
    <ClInclude Include="..\..\CHOLMOD\Include\cholmod_partition.h">
      <Filter>Header Files</Filter>
    </ClInclude>
    <ClInclude Include="..\..\CHOLMOD\Include\cholmod_supernodal.h">
      <Filter>Header Files</Filter>
    </ClInclude>
    <ClInclude Include="..\..\CHOLMOD\Include\cholmod_template.h">
      <Filter>Header Files</Filter>
    </ClInclude>
  </ItemGroup>
  <ItemGroup>
    <ClCompile Include="..\..\CHOLMOD\Demo\cholmod_simple.c">
      <Filter>Source Files</Filter>
    </ClCompile>
  </ItemGroup>
</Project>